
Microsoft Visual Studio Solution File, Format Version 12.00
# Visual Studio Version 17
VisualStudioVersion = 17.2.32630.192
MinimumVisualStudioVersion = 10.0.40219.1
Project("{9A19103F-16F7-4668-BE54-9A1E7A4F7556}") = "FirstCoreProject", "FirstCoreProject.csproj", "{E6AF76FD-3A33-4FF5-B940-7E68F2B539FD}"
EndProject
Project("{9A19103F-16F7-4668-BE54-9A1E7A4F7556}") = "FirstCoreProject.Models", "..\FirstCoreProject.Models\FirstCoreProject.Models.csproj", "{84E9FC83-C387-4ADC-84E4-787306F493CB}"
EndProject
Project("{9A19103F-16F7-4668-BE54-9A1E7A4F7556}") = "FirstCoreProject.DAL", "..\FirstCoreProject.DAL\FirstCoreProject.DAL.csproj", "{B39D5332-F3A1-4BC1-81F1-FE70A3AF162D}"
EndProject
Project("{FAE04EC0-301F-11D3-BF4B-00C04F79EFBC}") = "FirstCoreProject.CommonHelper", "..\FirstCoreProject.CommonHelper\FirstCoreProject.CommonHelper.csproj", "{B99E1742-018E-499F-8A51-75A069981167}"
EndProject
Global
	GlobalSection(SolutionConfigurationPlatforms) = preSolution
		Debug|Any CPU = Debug|Any CPU
		Release|Any CPU = Release|Any CPU
	EndGlobalSection
	GlobalSection(ProjectConfigurationPlatforms) = postSolution
		{E6AF76FD-3A33-4FF5-B940-7E68F2B539FD}.Debug|Any CPU.ActiveCfg = Debug|Any CPU
		{E6AF76FD-3A33-4FF5-B940-7E68F2B539FD}.Debug|Any CPU.Build.0 = Debug|Any CPU
		{E6AF76FD-3A33-4FF5-B940-7E68F2B539FD}.Release|Any CPU.ActiveCfg = Release|Any CPU
		{E6AF76FD-3A33-4FF5-B940-7E68F2B539FD}.Release|Any CPU.Build.0 = Release|Any CPU
		{84E9FC83-C387-4ADC-84E4-787306F493CB}.Debug|Any CPU.ActiveCfg = Debug|Any CPU
		{84E9FC83-C387-4ADC-84E4-787306F493CB}.Debug|Any CPU.Build.0 = Debug|Any CPU
		{84E9FC83-C387-4ADC-84E4-787306F493CB}.Release|Any CPU.ActiveCfg = Release|Any CPU
		{84E9FC83-C387-4ADC-84E4-787306F493CB}.Release|Any CPU.Build.0 = Release|Any CPU
		{B39D5332-F3A1-4BC1-81F1-FE70A3AF162D}.Debug|Any CPU.ActiveCfg = Debug|Any CPU
		{B39D5332-F3A1-4BC1-81F1-FE70A3AF162D}.Debug|Any CPU.Build.0 = Debug|Any CPU
		{B39D5332-F3A1-4BC1-81F1-FE70A3AF162D}.Release|Any CPU.ActiveCfg = Release|Any CPU
		{B39D5332-F3A1-4BC1-81F1-FE70A3AF162D}.Release|Any CPU.Build.0 = Release|Any CPU
		{B99E1742-018E-499F-8A51-75A069981167}.Debug|Any CPU.ActiveCfg = Debug|Any CPU
		{B99E1742-018E-499F-8A51-75A069981167}.Debug|Any CPU.Build.0 = Debug|Any CPU
		{B99E1742-018E-499F-8A51-75A069981167}.Release|Any CPU.ActiveCfg = Release|Any CPU
		{B99E1742-018E-499F-8A51-75A069981167}.Release|Any CPU.Build.0 = Release|Any CPU
	EndGlobalSection
	GlobalSection(SolutionProperties) = preSolution
		HideSolutionNode = FALSE
	EndGlobalSection
	GlobalSection(ExtensibilityGlobals) = postSolution
		SolutionGuid = {390D401C-8583-44D6-A21B-F0E1D22AE0FE}
	EndGlobalSection
EndGlobal
